{
  "requires": true,
  "lockfileVersion": 1,
  "dependencies": {
    "lodash": {
      "version": "4.17.15",
      "resolved": "https://artifactory.coxautoinc.com/artifactory/api/npm/rts-npm/lodash/-/lodash-4.17.15.tgz",
      "integrity": "sha1-tEf2ZwoEVbv+7dETku/zMOoJdUg="
    },
    "ruby": {
      "version": "0.6.1",
      "resolved": "https://artifactory.coxautoinc.com/artifactory/api/npm/rts-npm/ruby/-/ruby-0.6.1.tgz",
      "integrity": "sha1-s/7leH5PnA1YFNYWaltdvPskujU=",
      "requires": {
        "lodash": "^4.13.0"
      }
    }
  }
}
